// !$*UTF8*$!
{
	archiveVersion = 1;
	classes = {
	};
	objectVersion = 56;
	objects = {

/* Begin PBXBuildFile section */
		F95D310A2BC0F02000B9F492 /* FirstiOSProjectApp.swift in Sources */ = {isa = PBXBuildFile; fileRef = F95D31092BC0F02000B9F492 /* FirstiOSProjectApp.swift */; };
		F95D310C2BC0F02000B9F492 /* ContentView.swift in Sources */ = {isa = PBXBuildFile; fileRef = F95D310B2BC0F02000B9F492 /* ContentView.swift */; };
		F95D310E2BC0F02500B9F492 /* Assets.xcassets in Resources */ = {isa = PBXBuildFile; fileRef = F95D310D2BC0F02500B9F492 /* Assets.xcassets */; };
		F95D31112BC0F02500B9F492 /* Preview Assets.xcassets in Resources */ = {isa = PBXBuildFile; fileRef = F95D31102BC0F02500B9F492 /* Preview Assets.xcassets */; };
		F95D311B2BC0F02500B9F492 /* FirstiOSProjectTests.swift in Sources */ = {isa = PBXBuildFile; fileRef = F95D311A2BC0F02500B9F492 /* FirstiOSProjectTests.swift */; };
		F95D31252BC0F02500B9F492 /* FirstiOSProjectUITests.swift in Sources */ = {isa = PBXBuildFile; fileRef = F95D31242BC0F02500B9F492 /* FirstiOSProjectUITests.swift */; };
		F95D31272BC0F02500B9F492 /* FirstiOSProjectUITestsLaunchTests.swift in Sources */ = {isa = PBXBuildFile; fileRef = F95D31262BC0F02500B9F492 /* FirstiOSProjectUITestsLaunchTests.swift */; };
/* End PBXBuildFile section */

/* Begin PBXContainerItemProxy section */
		F95D31172BC0F02500B9F492 /* PBXContainerItemProxy */ = {
			isa = PBXContainerItemProxy;
			containerPortal = F95D30FE2BC0F02000B9F492 /* Project object */;
			proxyType = 1;
			remoteGlobalIDString = F95D31052BC0F02000B9F492;
			remoteInfo = FirstiOSProject;
		};
		F95D31212BC0F02500B9F492 /* PBXContainerItemProxy */ = {
			isa = PBXContainerItemProxy;
			containerPortal = F95D30FE2BC0F02000B9F492 /* Project object */;
			proxyType = 1;
			remoteGlobalIDString = F95D31052BC0F02000B9F492;
			remoteInfo = FirstiOSProject;
		};
/* End PBXContainerItemProxy section */

/* Begin PBXFileReference section */
		F95D31062BC0F02000B9F492 /* FirstiOSProject.app */ = {isa = PBXFileReference; explicitFileType = wrapper.application; includeInIndex = 0; path = FirstiOSProject.app; sourceTree = BUILT_PRODUCTS_DIR; };
		F95D31092BC0F02000B9F492 /* FirstiOSProjectApp.swift */ = {isa = PBXFileReference; lastKnownFileType = sourcecode.swift; path = FirstiOSProjectApp.swift; sourceTree = "<group>"; };
		F95D310B2BC0F02000B9F492 /* ContentView.swift */ = {isa = PBXFileReference; lastKnownFileType = sourcecode.swift; path = ContentView.swift; sourceTree = "<group>"; };
		F95D310D2BC0F02500B9F492 /* Assets.xcassets */ = {isa = PBXFileReference; lastKnownFileType = folder.assetcatalog; path = Assets.xcassets; sourceTree = "<group>"; };
		F95D31102BC0F02500B9F492 /* Preview Assets.xcassets */ = {isa = PBXFileReference; lastKnownFileType = folder.assetcatalog; path = "Preview Assets.xcassets"; sourceTree = "<group>"; };
		F95D31162BC0F02500B9F492 /* FirstiOSProjectTests.xctest */ = {isa = PBXFileReference; explicitFileType = wrapper.cfbundle; includeInIndex = 0; path = FirstiOSProjectTests.xctest; sourceTree = BUILT_PRODUCTS_DIR; };
		F95D311A2BC0F02500B9F492 /* FirstiOSProjectTests.swift */ = {isa = PBXFileReference; lastKnownFileType = sourcecode.swift; path = FirstiOSProjectTests.swift; sourceTree = "<group>"; };
		F95D31202BC0F02500B9F492 /* FirstiOSProjectUITests.xctest */ = {isa = PBXFileReference; explicitFileType = wrapper.cfbundle; includeInIndex = 0; path = FirstiOSProjectUITests.xctest; sourceTree = BUILT_PRODUCTS_DIR; };
		F95D31242BC0F02500B9F492 /* FirstiOSProjectUITests.swift */ = {isa = PBXFileReference; lastKnownFileType = sourcecode.swift; path = FirstiOSProjectUITests.swift; sourceTree = "<group>"; };
		F95D31262BC0F02500B9F492 /* FirstiOSProjectUITestsLaunchTests.swift */ = {isa = PBXFileReference; lastKnownFileType = sourcecode.swift; path = FirstiOSProjectUITestsLaunchTests.swift; sourceTree = "<group>"; };
/* End PBXFileReference section */

/* Begin PBXFrameworksBuildPhase section */
		F95D31032BC0F02000B9F492 /* Frameworks */ = {
			isa = PBXFrameworksBuildPhase;
			buildActionMask = 2147483647;
			files = (
			);
			runOnlyForDeploymentPostprocessing = 0;
		};
		F95D31132BC0F02500B9F492 /* Frameworks */ = {
			isa = PBXFrameworksBuildPhase;
			buildActionMask = 2147483647;
			files = (
			);
			runOnlyForDeploymentPostprocessing = 0;
		};
		F95D311D2BC0F02500B9F492 /* Frameworks */ = {
			isa = PBXFrameworksBuildPhase;
			buildActionMask = 2147483647;
			files = (
			);
			runOnlyForDeploymentPostprocessing = 0;
		};
/* End PBXFrameworksBuildPhase section */

/* Begin PBXGroup section */
		F95D30FD2BC0F02000B9F492 = {
			isa = PBXGroup;
			children = (
				F95D31082BC0F02000B9F492 /* FirstiOSProject */,
				F95D31192BC0F02500B9F492 /* FirstiOSProjectTests */,
				F95D31232BC0F02500B9F492 /* FirstiOSProjectUITests */,
				F95D31072BC0F02000B9F492 /* Products */,
			);
			sourceTree = "<group>";
		};
		F95D31072BC0F02000B9F492 /* Products */ = {
			isa = PBXGroup;
			children = (
				F95D31062BC0F02000B9F492 /* FirstiOSProject.app */,
				F95D31162BC0F02500B9F492 /* FirstiOSProjectTests.xctest */,
				F95D31202BC0F02500B9F492 /* FirstiOSProjectUITests.xctest */,
			);
			name = Products;
			sourceTree = "<group>";
		};
		F95D31082BC0F02000B9F492 /* FirstiOSProject */ = {
			isa = PBXGroup;
			children = (
				F95D31092BC0F02000B9F492 /* FirstiOSProjectApp.swift */,
				F95D310B2BC0F02000B9F492 /* ContentView.swift */,
				F95D310D2BC0F02500B9F492 /* Assets.xcassets */,
				F95D310F2BC0F02500B9F492 /* Preview Content */,
			);
			path = FirstiOSProject;
			sourceTree = "<group>";
		};
		F95D310F2BC0F02500B9F492 /* Preview Content */ = {
			isa = PBXGroup;
			children = (
				F95D31102BC0F02500B9F492 /* Preview Assets.xcassets */,
			);
			path = "Preview Content";
			sourceTree = "<group>";
		};
		F95D31192BC0F02500B9F492 /* FirstiOSProjectTests */ = {
			isa = PBXGroup;
			children = (
				F95D311A2BC0F02500B9F492 /* FirstiOSProjectTests.swift */,
			);
			path = FirstiOSProjectTests;
			sourceTree = "<group>";
		};
		F95D31232BC0F02500B9F492 /* FirstiOSProjectUITests */ = {
			isa = PBXGroup;
			children = (
				F95D31242BC0F02500B9F492 /* FirstiOSProjectUITests.swift */,
				F95D31262BC0F02500B9F492 /* FirstiOSProjectUITestsLaunchTests.swift */,
			);
			path = FirstiOSProjectUITests;
			sourceTree = "<group>";
		};
/* End PBXGroup section */

/* Begin PBXNativeTarget section */
		F95D31052BC0F02000B9F492 /* FirstiOSProject */ = {
			isa = PBXNativeTarget;
			buildConfigurationList = F95D312A2BC0F02500B9F492 /* Build configuration list for PBXNativeTarget "FirstiOSProject" */;
			buildPhases = (
				F95D31022BC0F02000B9F492 /* Sources */,
				F95D31032BC0F02000B9F492 /* Frameworks */,
				F95D31042BC0F02000B9F492 /* Resources */,
			);
			buildRules = (
			);
			dependencies = (
			);
			name = FirstiOSProject;
			productName = FirstiOSProject;
			productReference = F95D31062BC0F02000B9F492 /* FirstiOSProject.app */;
			productType = "com.apple.product-type.application";
		};
		F95D31152BC0F02500B9F492 /* FirstiOSProjectTests */ = {
			isa = PBXNativeTarget;
			buildConfigurationList = F95D312D2BC0F02500B9F492 /* Build configuration list for PBXNativeTarget "FirstiOSProjectTests" */;
			buildPhases = (
				F95D31122BC0F02500B9F492 /* Sources */,
				F95D31132BC0F02500B9F492 /* Frameworks */,
				F95D31142BC0F02500B9F492 /* Resources */,
			);
			buildRules = (
			);
			dependencies = (
				F95D31182BC0F02500B9F492 /* PBXTargetDependency */,
			);
			name = FirstiOSProjectTests;
			productName = FirstiOSProjectTests;
			productReference = F95D31162BC0F02500B9F492 /* FirstiOSProjectTests.xctest */;
			productType = "com.apple.product-type.bundle.unit-test";
		};
		F95D311F2BC0F02500B9F492 /* FirstiOSProjectUITests */ = {
			isa = PBXNativeTarget;
			buildConfigurationList = F95D31302BC0F02500B9F492 /* Build configuration list for PBXNativeTarget "FirstiOSProjectUITests" */;
			buildPhases = (
				F95D311C2BC0F02500B9F492 /* Sources */,
				F95D311D2BC0F02500B9F492 /* Frameworks */,
				F95D311E2BC0F02500B9F492 /* Resources */,
			);
			buildRules = (
			);
			dependencies = (
				F95D31222BC0F02500B9F492 /* PBXTargetDependency */,
			);
			name = FirstiOSProjectUITests;
			productName = FirstiOSProjectUITests;
			productReference = F95D31202BC0F02500B9F492 /* FirstiOSProjectUITests.xctest */;
			productType = "com.apple.product-type.bundle.ui-testing";
		};
/* End PBXNativeTarget section */

/* Begin PBXProject section */
		F95D30FE2BC0F02000B9F492 /* Project object */ = {
			isa = PBXProject;
			attributes = {
				BuildIndependentTargetsInParallel = 1;
				LastSwiftUpdateCheck = 1520;
				LastUpgradeCheck = 1520;
				TargetAttributes = {
					F95D31052BC0F02000B9F492 = {
						CreatedOnToolsVersion = 15.2;
					};
					F95D31152BC0F02500B9F492 = {
						CreatedOnToolsVersion = 15.2;
						TestTargetID = F95D31052BC0F02000B9F492;
					};
					F95D311F2BC0F02500B9F492 = {
						CreatedOnToolsVersion = 15.2;
						TestTargetID = F95D31052BC0F02000B9F492;
					};
				};
			};
			buildConfigurationList = F95D31012BC0F02000B9F492 /* Build configuration list for PBXProject "FirstiOSProject" */;
			compatibilityVersion = "Xcode 14.0";
			developmentRegion = en;
			hasScannedForEncodings = 0;
			knownRegions = (
				en,
				Base,
			);
			mainGroup = F95D30FD2BC0F02000B9F492;
			productRefGroup = F95D31072BC0F02000B9F492 /* Products */;
			projectDirPath = "";
			projectRoot = "";
			targets = (
				F95D31052BC0F02000B9F492 /* FirstiOSProject */,
				F95D31152BC0F02500B9F492 /* FirstiOSProjectTests */,
				F95D311F2BC0F02500B9F492 /* FirstiOSProjectUITests */,
			);
		};
/* End PBXProject section */

/* Begin PBXResourcesBuildPhase section */
		F95D31042BC0F02000B9F492 /* Resources */ = {
			isa = PBXResourcesBuildPhase;
			buildActionMask = 2147483647;
			files = (
				F95D31112BC0F02500B9F492 /* Preview Assets.xcassets in Resources */,
				F95D310E2BC0F02500B9F492 /* Assets.xcassets in Resources */,
			);
			runOnlyForDeploymentPostprocessing = 0;
		};
		F95D31142BC0F02500B9F492 /* Resources */ = {
			isa = PBXResourcesBuildPhase;
			buildActionMask = 2147483647;
			files = (
			);
			runOnlyForDeploymentPostprocessing = 0;
		};
		F95D311E2BC0F02500B9F492 /* Resources */ = {
			isa = PBXResourcesBuildPhase;
			buildActionMask = 2147483647;
			files = (
			);
			runOnlyForDeploymentPostprocessing = 0;
		};
/* End PBXResourcesBuildPhase section */

/* Begin PBXSourcesBuildPhase section */
		F95D31022BC0F02000B9F492 /* Sources */ = {
			isa = PBXSourcesBuildPhase;
			buildActionMask = 2147483647;
			files = (
				F95D310C2BC0F02000B9F492 /* ContentView.swift in Sources */,
				F95D310A2BC0F02000B9F492 /* FirstiOSProjectApp.swift in Sources */,
			);
			runOnlyForDeploymentPostprocessing = 0;
		};
		F95D31122BC0F02500B9F492 /* Sources */ = {
			isa = PBXSourcesBuildPhase;
			buildActionMask = 2147483647;
			files = (
				F95D311B2BC0F02500B9F492 /* FirstiOSProjectTests.swift in Sources */,
			);
			runOnlyForDeploymentPostprocessing = 0;
		};
		F95D311C2BC0F02500B9F492 /* Sources */ = {
			isa = PBXSourcesBuildPhase;
			buildActionMask = 2147483647;
			files = (
				F95D31252BC0F02500B9F492 /* FirstiOSProjectUITests.swift in Sources */,
				F95D31272BC0F02500B9F492 /* FirstiOSProjectUITestsLaunchTests.swift in Sources */,
			);
			runOnlyForDeploymentPostprocessing = 0;
		};
/* End PBXSourcesBuildPhase section */

/* Begin PBXTargetDependency section */
		F95D31182BC0F02500B9F492 /* PBXTargetDependency */ = {
			isa = PBXTargetDependency;
			target = F95D31052BC0F02000B9F492 /* FirstiOSProject */;
			targetProxy = F95D31172BC0F02500B9F492 /* PBXContainerItemProxy */;
		};
		F95D31222BC0F02500B9F492 /* PBXTargetDependency */ = {
			isa = PBXTargetDependency;
			target = F95D31052BC0F02000B9F492 /* FirstiOSProject */;
			targetProxy = F95D31212BC0F02500B9F492 /* PBXContainerItemProxy */;
		};
/* End PBXTargetDependency section */

/* Begin XCBuildConfiguration section */
		F95D31282BC0F02500B9F492 /* Debug */ = {
			isa = XCBuildConfiguration;
			buildSettings = {
				ALWAYS_SEARCH_USER_PATHS = NO;
				ASSETCATALOG_COMPILER_GENERATE_SWIFT_ASSET_SYMBOL_EXTENSIONS = YES;
				CLANG_ANALYZER_NONNULL = YES;
				CLANG_ANALYZER_NUMBER_OBJECT_CONVERSION = YES_AGGRESSIVE;
				CLANG_CXX_LANGUAGE_STANDARD = "gnu++20";
				CLANG_ENABLE_MODULES = YES;
				CLANG_ENABLE_OBJC_ARC = YES;
				CLANG_ENABLE_OBJC_WEAK = YES;
				CLANG_WARN_BLOCK_CAPTURE_AUTORELEASING = YES;
				CLANG_WARN_BOOL_CONVERSION = YES;
				CLANG_WARN_COMMA = YES;
				CLANG_WARN_CONSTANT_CONVERSION = YES;
				CLANG_WARN_DEPRECATED_OBJC_IMPLEMENTATIONS = YES;
				CLANG_WARN_DIRECT_OBJC_ISA_USAGE = YES_ERROR;
				CLANG_WARN_DOCUMENTATION_COMMENTS = YES;
				CLANG_WARN_EMPTY_BODY = YES;
				CLANG_WARN_ENUM_CONVERSION = YES;
				CLANG_WARN_INFINITE_RECURSION = YES;
				CLANG_WARN_INT_CONVERSION = YES;
				CLANG_WARN_NON_LITERAL_NULL_CONVERSION = YES;
				CLANG_WARN_OBJC_IMPLICIT_RETAIN_SELF = YES;
				CLANG_WARN_OBJC_LITERAL_CONVERSION = YES;
				CLANG_WARN_OBJC_ROOT_CLASS = YES_ERROR;
				CLANG_WARN_QUOTED_INCLUDE_IN_FRAMEWORK_HEADER = YES;
				CLANG_WARN_RANGE_LOOP_ANALYSIS = YES;
				CLANG_WARN_STRICT_PROTOTYPES = YES;
				CLANG_WARN_SUSPICIOUS_MOVE = YES;
				CLANG_WARN_UNGUARDED_AVAILABILITY = YES_AGGRESSIVE;
				CLANG_WARN_UNREACHABLE_CODE = YES;
				CLANG_WARN__DUPLICATE_METHOD_MATCH = YES;
				COPY_PHASE_STRIP = NO;
				DEBUG_INFORMATION_FORMAT = dwarf;
				ENABLE_STRICT_OBJC_MSGSEND = YES;
				ENABLE_TESTABILITY = YES;
				ENABLE_USER_SCRIPT_SANDBOXING = YES;
				GCC_C_LANGUAGE_STANDARD = gnu17;
				GCC_DYNAMIC_NO_PIC = NO;
				GCC_NO_COMMON_BLOCKS = YES;
				GCC_OPTIMIZATION_LEVEL = 0;
				GCC_PREPROCESSOR_DEFINITIONS = (
					"DEBUG=1",
					"$(inherited)",
				);
				GCC_WARN_64_TO_32_BIT_CONVERSION = YES;
				GCC_WARN_ABOUT_RETURN_TYPE = YES_ERROR;
				GCC_WARN_UNDECLARED_SELECTOR = YES;
				GCC_WARN_UNINITIALIZED_AUTOS = YES_AGGRESSIVE;
				GCC_WARN_UNUSED_FUNCTION = YES;
				GCC_WARN_UNUSED_VARIABLE = YES;
				IPHONEOS_DEPLOYMENT_TARGET = 17.2;
				LOCALIZATION_PREFERS_STRING_CATALOGS = YES;
				MTL_ENABLE_DEBUG_INFO = INCLUDE_SOURCE;
				MTL_FAST_MATH = YES;
				ONLY_ACTIVE_ARCH = YES;
				SDKROOT = iphoneos;
				SWIFT_ACTIVE_COMPILATION_CONDITIONS = "DEBUG $(inherited)";
				SWIFT_OPTIMIZATION_LEVEL = "-Onone";
			};
			name = Debug;
		};
		F95D31292BC0F02500B9F492 /* Release */ = {
			isa = XCBuildConfiguration;
			buildSettings = {
				ALWAYS_SEARCH_USER_PATHS = NO;
				ASSETCATALOG_COMPILER_GENERATE_SWIFT_ASSET_SYMBOL_EXTENSIONS = YES;
				CLANG_ANALYZER_NONNULL = YES;
				CLANG_ANALYZER_NUMBER_OBJECT_CONVERSION = YES_AGGRESSIVE;
				CLANG_CXX_LANGUAGE_STANDARD = "gnu++20";
				CLANG_ENABLE_MODULES = YES;
				CLANG_ENABLE_OBJC_ARC = YES;
				CLANG_ENABLE_OBJC_WEAK = YES;
				CLANG_WARN_BLOCK_CAPTURE_AUTORELEASING = YES;
				CLANG_WARN_BOOL_CONVERSION = YES;
				CLANG_WARN_COMMA = YES;
				CLANG_WARN_CONSTANT_CONVERSION = YES;
				CLANG_WARN_DEPRECATED_OBJC_IMPLEMENTATIONS = YES;
				CLANG_WARN_DIRECT_OBJC_ISA_USAGE = YES_ERROR;
				CLANG_WARN_DOCUMENTATION_COMMENTS = YES;
				CLANG_WARN_EMPTY_BODY = YES;
				CLANG_WARN_ENUM_CONVERSION = YES;
				CLANG_WARN_INFINITE_RECURSION = YES;
				CLANG_WARN_INT_CONVERSION = YES;
				CLANG_WARN_NON_LITERAL_NULL_CONVERSION = YES;
				CLANG_WARN_OBJC_IMPLICIT_RETAIN_SELF = YES;
				CLANG_WARN_OBJC_LITERAL_CONVERSION = YES;
				CLANG_WARN_OBJC_ROOT_CLASS = YES_ERROR;
				CLANG_WARN_QUOTED_INCLUDE_IN_FRAMEWORK_HEADER = YES;
				CLANG_WARN_RANGE_LOOP_ANALYSIS = YES;
				CLANG_WARN_STRICT_PROTOTYPES = YES;
				CLANG_WARN_SUSPICIOUS_MOVE = YES;
				CLANG_WARN_UNGUARDED_AVAILABILITY = YES_AGGRESSIVE;
				CLANG_WARN_UNREACHABLE_CODE = YES;
				CLANG_WARN__DUPLICATE_METHOD_MATCH = YES;
				COPY_PHASE_STRIP = NO;
				DEBUG_INFORMATION_FORMAT = "dwarf-with-dsym";
				ENABLE_NS_ASSERTIONS = NO;
				ENABLE_STRICT_OBJC_MSGSEND = YES;
				ENABLE_USER_SCRIPT_SANDBOXING = YES;
				GCC_C_LANGUAGE_STANDARD = gnu17;
				GCC_NO_COMMON_BLOCKS = YES;
				GCC_WARN_64_TO_32_BIT_CONVERSION = YES;
				GCC_WARN_ABOUT_RETURN_TYPE = YES_ERROR;
				GCC_WARN_UNDECLARED_SELECTOR = YES;
				GCC_WARN_UNINITIALIZED_AUTOS = YES_AGGRESSIVE;
				GCC_WARN_UNUSED_FUNCTION = YES;
				GCC_WARN_UNUSED_VARIABLE = YES;
				IPHONEOS_DEPLOYMENT_TARGET = 17.2;
				LOCALIZATION_PREFERS_STRING_CATALOGS = YES;
				MTL_ENABLE_DEBUG_INFO = NO;
				MTL_FAST_MATH = YES;
				SDKROOT = iphoneos;
				SWIFT_COMPILATION_MODE = wholemodule;
				VALIDATE_PRODUCT = YES;
			};
			name = Release;
		};
		F95D312B2BC0F02500B9F492 /* Debug */ = {
			isa = XCBuildConfiguration;
			buildSettings = {
				ASSETCATALOG_COMPILER_APPICON_NAME = AppIcon;
				ASSETCATALOG_COMPILER_GLOBAL_ACCENT_COLOR_NAME = AccentColor;
				CODE_SIGN_STYLE = Automatic;
				CURRENT_PROJECT_VERSION = 1;
				DEVELOPMENT_ASSET_PATHS = "\"FirstiOSProject/Preview Content\"";
				ENABLE_PREVIEWS = YES;
				GENERATE_INFOPLIST_FILE = YES;
				INFOPLIST_KEY_UIApplicationSceneManifest_Generation = YES;
				INFOPLIST_KEY_UIApplicationSupportsIndirectInputEvents = YES;
				INFOPLIST_KEY_UILaunchScreen_Generation = YES;
				INFOPLIST_KEY_UISupportedInterfaceOrientations_iPad = "UIInterfaceOrientationPortrait UIInterfaceOrientationPortraitUpsideDown UIInterfaceOrientationLandscapeLeft UIInterfaceOrientationLandscapeRight";
				INFOPLIST_KEY_UISupportedInterfaceOrientations_iPhone = "UIInterfaceOrientationPortrait UIInterfaceOrientationLandscapeLeft UIInterfaceOrientationLandscapeRight";
				LD_RUNPATH_SEARCH_PATHS = (
					"$(inherited)",
					"@executable_path/Frameworks",
				);
				MARKETING_VERSION = 1.0;
				PRODUCT_BUNDLE_IDENTIFIER = com.krakenlouis.FirstiOSProject;
				PRODUCT_NAME = "$(TARGET_NAME)";
				SWIFT_EMIT_LOC_STRINGS = YES;
				SWIFT_VERSION = 5.0;
				TARGETED_DEVICE_FAMILY = "1,2";
			};
			name = Debug;
		};
		F95D312C2BC0F02500B9F492 /* Release */ = {
			isa = XCBuildConfiguration;
			buildSettings = {
				ASSETCATALOG_COMPILER_APPICON_NAME = AppIcon;
				ASSETCATALOG_COMPILER_GLOBAL_ACCENT_COLOR_NAME = AccentColor;
				CODE_SIGN_STYLE = Automatic;
				CURRENT_PROJECT_VERSION = 1;
				DEVELOPMENT_ASSET_PATHS = "\"FirstiOSProject/Preview Content\"";
				ENABLE_PREVIEWS = YES;
				GENERATE_INFOPLIST_FILE = YES;
				INFOPLIST_KEY_UIApplicationSceneManifest_Generation = YES;
				INFOPLIST_KEY_UIApplicationSupportsIndirectInputEvents = YES;
				INFOPLIST_KEY_UILaunchScreen_Generation = YES;
				INFOPLIST_KEY_UISupportedInterfaceOrientations_iPad = "UIInterfaceOrientationPortrait UIInterfaceOrientationPortraitUpsideDown UIInterfaceOrientationLandscapeLeft UIInterfaceOrientationLandscapeRight";
				INFOPLIST_KEY_UISupportedInterfaceOrientations_iPhone = "UIInterfaceOrientationPortrait UIInterfaceOrientationLandscapeLeft UIInterfaceOrientationLandscapeRight";
				LD_RUNPATH_SEARCH_PATHS = (
					"$(inherited)",
					"@executable_path/Frameworks",
				);
				MARKETING_VERSION = 1.0;
				PRODUCT_BUNDLE_IDENTIFIER = com.krakenlouis.FirstiOSProject;
				PRODUCT_NAME = "$(TARGET_NAME)";
				SWIFT_EMIT_LOC_STRINGS = YES;
				SWIFT_VERSION = 5.0;
				TARGETED_DEVICE_FAMILY = "1,2";
			};
			name = Release;
		};
		F95D312E2BC0F02500B9F492 /* Debug */ = {
			isa = XCBuildConfiguration;
			buildSettings = {
				ALWAYS_EMBED_SWIFT_STANDARD_LIBRARIES = YES;
				BUNDLE_LOADER = "$(TEST_HOST)";
				CODE_SIGN_STYLE = Automatic;
				CURRENT_PROJECT_VERSION = 1;
				GENERATE_INFOPLIST_FILE = YES;
				IPHONEOS_DEPLOYMENT_TARGET = 17.2;
				MARKETING_VERSION = 1.0;
				PRODUCT_BUNDLE_IDENTIFIER = com.krakenlouis.FirstiOSProjectTests;
				PRODUCT_NAME = "$(TARGET_NAME)";
				SWIFT_EMIT_LOC_STRINGS = NO;
				SWIFT_VERSION = 5.0;
				TARGETED_DEVICE_FAMILY = "1,2";
				TEST_HOST = "$(BUILT_PRODUCTS_DIR)/FirstiOSProject.app/$(BUNDLE_EXECUTABLE_FOLDER_PATH)/FirstiOSProject";
			};
			name = Debug;
		};
		F95D312F2BC0F02500B9F492 /* Release */ = {
			isa = XCBuildConfiguration;
			buildSettings = {
				ALWAYS_EMBED_SWIFT_STANDARD_LIBRARIES = YES;
				BUNDLE_LOADER = "$(TEST_HOST)";
				CODE_SIGN_STYLE = Automatic;
				CURRENT_PROJECT_VERSION = 1;
				GENERATE_INFOPLIST_FILE = YES;
				IPHONEOS_DEPLOYMENT_TARGET = 17.2;
				MARKETING_VERSION = 1.0;
				PRODUCT_BUNDLE_IDENTIFIER = com.krakenlouis.FirstiOSProjectTests;
				PRODUCT_NAME = "$(TARGET_NAME)";
				SWIFT_EMIT_LOC_STRINGS = NO;
				SWIFT_VERSION = 5.0;
				TARGETED_DEVICE_FAMILY = "1,2";
				TEST_HOST = "$(BUILT_PRODUCTS_DIR)/FirstiOSProject.app/$(BUNDLE_EXECUTABLE_FOLDER_PATH)/FirstiOSProject";
			};
			name = Release;
		};
		F95D31312BC0F02500B9F492 /* Debug */ = {
			isa = XCBuildConfiguration;
			buildSettings = {
				ALWAYS_EMBED_SWIFT_STANDARD_LIBRARIES = YES;
				CODE_SIGN_STYLE = Automatic;
				CURRENT_PROJECT_VERSION = 1;
				GENERATE_INFOPLIST_FILE = YES;
				MARKETING_VERSION = 1.0;
				PRODUCT_BUNDLE_IDENTIFIER = com.krakenlouis.FirstiOSProjectUITests;
				PRODUCT_NAME = "$(TARGET_NAME)";
				SWIFT_EMIT_LOC_STRINGS = NO;
				SWIFT_VERSION = 5.0;
				TARGETED_DEVICE_FAMILY = "1,2";
				TEST_TARGET_NAME = FirstiOSProject;
			};
			name = Debug;
		};
		F95D31322BC0F02500B9F492 /* Release */ = {
			isa = XCBuildConfiguration;
			buildSettings = {
				ALWAYS_EMBED_SWIFT_STANDARD_LIBRARIES = YES;
				CODE_SIGN_STYLE = Automatic;
				CURRENT_PROJECT_VERSION = 1;
				GENERATE_INFOPLIST_FILE = YES;
				MARKETING_VERSION = 1.0;
				PRODUCT_BUNDLE_IDENTIFIER = com.krakenlouis.FirstiOSProjectUITests;
				PRODUCT_NAME = "$(TARGET_NAME)";
				SWIFT_EMIT_LOC_STRINGS = NO;
				SWIFT_VERSION = 5.0;
				TARGETED_DEVICE_FAMILY = "1,2";
				TEST_TARGET_NAME = FirstiOSProject;
			};
			name = Release;
		};
/* End XCBuildConfiguration section */

/* Begin XCConfigurationList section */
		F95D31012BC0F02000B9F492 /* Build configuration list for PBXProject "FirstiOSProject" */ = {
			isa = XCConfigurationList;
			buildConfigurations = (
				F95D31282BC0F02500B9F492 /* Debug */,
				F95D31292BC0F02500B9F492 /* Release */,
			);
			defaultConfigurationIsVisible = 0;
			defaultConfigurationName = Release;
		};
		F95D312A2BC0F02500B9F492 /* Build configuration list for PBXNativeTarget "FirstiOSProject" */ = {
			isa = XCConfigurationList;
			buildConfigurations = (
				F95D312B2BC0F02500B9F492 /* Debug */,
				F95D312C2BC0F02500B9F492 /* Release */,
			);
			defaultConfigurationIsVisible = 0;
			defaultConfigurationName = Release;
		};
		F95D312D2BC0F02500B9F492 /* Build configuration list for PBXNativeTarget "FirstiOSProjectTests" */ = {
			isa = XCConfigurationList;
			buildConfigurations = (
				F95D312E2BC0F02500B9F492 /* Debug */,
				F95D312F2BC0F02500B9F492 /* Release */,
			);
			defaultConfigurationIsVisible = 0;
			defaultConfigurationName = Release;
		};
		F95D31302BC0F02500B9F492 /* Build configuration list for PBXNativeTarget "FirstiOSProjectUITests" */ = {
			isa = XCConfigurationList;
			buildConfigurations = (
				F95D31312BC0F02500B9F492 /* Debug */,
				F95D31322BC0F02500B9F492 /* Release */,
			);
			defaultConfigurationIsVisible = 0;
			defaultConfigurationName = Release;
		};
/* End XCConfigurationList section */
	};
	rootObject = F95D30FE2BC0F02000B9F492 /* Project object */;
}
